
Microsoft Visual Studio Solution File, Format Version 12.00
# Visual Studio Version 17
VisualStudioVersion = 17.5.002.0
MinimumVisualStudioVersion = 10.0.40219.1
Project("{9A19103F-16F7-4668-BE54-9A1E7A4F7556}") = "ObjectsComparator", "ObjectsComparator.csproj", "{FB269491-8C6F-441A-95DA-690E755B6E8A}"
EndProject
Global
	GlobalSection(SolutionConfigurationPlatforms) = preSolution
		Debug|Any CPU = Debug|Any CPU
		Release|Any CPU = Release|Any CPU
	EndGlobalSection
	GlobalSection(ProjectConfigurationPlatforms) = postSolution
		{FB269491-8C6F-441A-95DA-690E755B6E8A}.Debug|Any CPU.ActiveCfg = Debug|Any CPU
		{FB269491-8C6F-441A-95DA-690E755B6E8A}.Debug|Any CPU.Build.0 = Debug|Any CPU
		{FB269491-8C6F-441A-95DA-690E755B6E8A}.Release|Any CPU.ActiveCfg = Release|Any CPU
		{FB269491-8C6F-441A-95DA-690E755B6E8A}.Release|Any CPU.Build.0 = Release|Any CPU
	EndGlobalSection
	GlobalSection(SolutionProperties) = preSolution
		HideSolutionNode = FALSE
	EndGlobalSection
	GlobalSection(ExtensibilityGlobals) = postSolution
		SolutionGuid = {67D546BC-B1B1-4CA6-9C97-B9BE7C41947B}
	EndGlobalSection
EndGlobal
